
Microsoft Visual Studio Solution File, Format Version 12.00
# Visual Studio Version 16
VisualStudioVersion = 16.0.31613.86
MinimumVisualStudioVersion = 10.0.40219.1
Project("{9A19103F-16F7-4668-BE54-9A1E7A4F7556}") = "AuthReact", "AuthReact\AuthReact.csproj", "{FD526BDD-148F-453E-8190-854CC9D83B53}"
EndProject
Project("{FAE04EC0-301F-11D3-BF4B-00C04F79EFBC}") = "CarShop.Domain", "CarShop.Domain\CarShop.Domain.csproj", "{06810566-8A41-464E-A2EB-6A25241F28B2}"
EndProject
Global
	GlobalSection(SolutionConfigurationPlatforms) = preSolution
		Debug|Any CPU = Debug|Any CPU
		Release|Any CPU = Release|Any CPU
	EndGlobalSection
	GlobalSection(ProjectConfigurationPlatforms) = postSolution
		{FD526BDD-148F-453E-8190-854CC9D83B53}.Debug|Any CPU.ActiveCfg = Debug|Any CPU
		{FD526BDD-148F-453E-8190-854CC9D83B53}.Debug|Any CPU.Build.0 = Debug|Any CPU
		{FD526BDD-148F-453E-8190-854CC9D83B53}.Release|Any CPU.ActiveCfg = Release|Any CPU
		{FD526BDD-148F-453E-8190-854CC9D83B53}.Release|Any CPU.Build.0 = Release|Any CPU
		{06810566-8A41-464E-A2EB-6A25241F28B2}.Debug|Any CPU.ActiveCfg = Debug|Any CPU
		{06810566-8A41-464E-A2EB-6A25241F28B2}.Debug|Any CPU.Build.0 = Debug|Any CPU
		{06810566-8A41-464E-A2EB-6A25241F28B2}.Release|Any CPU.ActiveCfg = Release|Any CPU
		{06810566-8A41-464E-A2EB-6A25241F28B2}.Release|Any CPU.Build.0 = Release|Any CPU
	EndGlobalSection
	GlobalSection(SolutionProperties) = preSolution
		HideSolutionNode = FALSE
	EndGlobalSection
	GlobalSection(ExtensibilityGlobals) = postSolution
		SolutionGuid = {0DAC021B-0D5F-4F03-96AF-CDE1D5434B40}
	EndGlobalSection
EndGlobal
